
Microsoft Visual Studio Solution File, Format Version 12.00
# Visual Studio 15
VisualStudioVersion = 15.0.27703.2042
MinimumVisualStudioVersion = 10.0.40219.1
Project("{FAE04EC0-301F-11D3-BF4B-00C04F79EFBC}") = "HelpDesk.CabinetWebApp", "WebApp\HelpDesk.CabinetWebApp\HelpDesk.CabinetWebApp.csproj", "{EF02CF86-4885-44B3-B930-37A408252067}"
EndProject
Project("{FAE04EC0-301F-11D3-BF4B-00C04F79EFBC}") = "HelpDesk.DataService", "HelpDesk.DataService\HelpDesk.DataService.csproj", "{B0535568-F554-4F6C-9520-B3195BE0EC62}"
EndProject
Project("{FAE04EC0-301F-11D3-BF4B-00C04F79EFBC}") = "HelpDesk.Entity", "HelpDesk.Entity\HelpDesk.Entity.csproj", "{EA577097-D2C0-4290-9CB6-26E93ABDEB43}"
EndProject
Project("{FAE04EC0-301F-11D3-BF4B-00C04F79EFBC}") = "HelpDesk.Common", "HelpDesk.Common\HelpDesk.Common.csproj", "{40185033-2355-4E6C-9BC9-ECC2D8685133}"
EndProject
Project("{FAE04EC0-301F-11D3-BF4B-00C04F79EFBC}") = "HelpDesk.Test", "HelpDesk.Test\HelpDesk.Test.csproj", "{FCD91933-F5A3-4C15-90FA-0F3FBA9FE5E9}"
EndProject
Project("{FAE04EC0-301F-11D3-BF4B-00C04F79EFBC}") = "HelpDesk.Migration", "HelpDesk.Migration\HelpDesk.Migration.csproj", "{FF70AF8F-855F-4D89-BC47-B65B8F5FFA3A}"
EndProject
Project("{FAE04EC0-301F-11D3-BF4B-00C04F79EFBC}") = "HelpDesk.Data", "Data\HelpDesk.Data\HelpDesk.Data.csproj", "{A13CA957-A9B4-4476-BF79-CB115BB611CB}"
EndProject
Project("{FAE04EC0-301F-11D3-BF4B-00C04F79EFBC}") = "HelpDesk.Data.NHibernate.Repository", "Data\Implementation\HelpDesk.Data.NHibernate.Repository\HelpDesk.Data.NHibernate.Repository.csproj", "{B2C53EC7-C7D8-4DAD-8BCC-F644E3F5D217}"
EndProject
Project("{2150E333-8FDC-42A3-9474-1A3956D46DE8}") = "Implementation", "Implementation", "{67A7F1C9-E879-4EF9-8F71-6C9D747A47A4}"
EndProject
Project("{2150E333-8FDC-42A3-9474-1A3956D46DE8}") = "Data", "Data", "{B640F64A-ACE6-42FB-B902-E280A36E47A4}"
EndProject
Project("{FAE04EC0-301F-11D3-BF4B-00C04F79EFBC}") = "HelpDesk.Data.NHibernate", "Data\Implementation\HelpDesk.Data.NHibernate\HelpDesk.Data.NHibernate.csproj", "{C480A8C6-A30E-4519-B2CA-E48B62E53CA6}"
EndProject
Project("{FAE04EC0-301F-11D3-BF4B-00C04F79EFBC}") = "SchemaGenerator", "Data\Implementation\SchemaGenerator\SchemaGenerator.csproj", "{830D0361-E3E5-4E5C-967D-9BC201CDDC32}"
EndProject
Project("{2150E333-8FDC-42A3-9474-1A3956D46DE8}") = "WebApp", "WebApp", "{14B598DA-6A8E-4CAD-AA93-64B4D1DBA3B9}"
EndProject
Project("{FAE04EC0-301F-11D3-BF4B-00C04F79EFBC}") = "HelpDesk.WorkerWebApp", "WebApp\HelpDesk.WorkerWebApp\HelpDesk.WorkerWebApp.csproj", "{9EC84C82-F2E3-43A7-8ECD-79BD418D659B}"
EndProject
Project("{FAE04EC0-301F-11D3-BF4B-00C04F79EFBC}") = "HelpDesk.Web.Common", "WebApp\HelpDesk.Web.Common\HelpDesk.Web.Common.csproj", "{E62D27A0-1E45-43E2-A9FE-6E7D1E7E54A1}"
EndProject
Project("{2150E333-8FDC-42A3-9474-1A3956D46DE8}") = "EventBus", "EventBus", "{955DF889-3A78-41F8-80D0-E2A99FFA6DB7}"
EndProject
Project("{FAE04EC0-301F-11D3-BF4B-00C04F79EFBC}") = "HelpDesk.EventBus", "EventBus\HelpDesk.EventBus\HelpDesk.EventBus.csproj", "{19CCD73D-255E-408D-AE8F-C2B2EDE51B43}"
EndProject
Project("{2150E333-8FDC-42A3-9474-1A3956D46DE8}") = "Services", "Services", "{6ECD3FF2-ED3D-4A43-8AB6-591B94463145}"
EndProject
Project("{FAE04EC0-301F-11D3-BF4B-00C04F79EFBC}") = "HelpDesk.ConsumerEventService", "Services\HelpDesk.ConsumerEventSrvice\HelpDesk.ConsumerEventService.csproj", "{3134BB07-0CC4-4EED-A927-D87351199708}"
EndProject
Project("{FAE04EC0-301F-11D3-BF4B-00C04F79EFBC}") = "HelpDesk.CalculateEventJob", "Services\HelpDesk.CalculateEventService\HelpDesk.CalculateEventJob.csproj", "{355ABACB-9064-4659-A6B8-84E18DC1A2F1}"
EndProject
Project("{FAE04EC0-301F-11D3-BF4B-00C04F79EFBC}") = "HelpDesk.DataService.Common", "HelpDesk.DataService.Common\HelpDesk.DataService.Common.csproj", "{C0FA0E99-27F2-49FE-84F3-D10E79C8636A}"
EndProject
Project("{FAE04EC0-301F-11D3-BF4B-00C04F79EFBC}") = "HelpDesk.EventBus.Common", "EventBus\HelpDesk.EventBus.Common\HelpDesk.EventBus.Common.csproj", "{55804DBF-6229-4F0C-81DC-88472A707E6A}"
EndProject
Global
	GlobalSection(SolutionConfigurationPlatforms) = preSolution
		Debug|Any CPU = Debug|Any CPU
		Release|Any CPU = Release|Any CPU
	EndGlobalSection
	GlobalSection(ProjectConfigurationPlatforms) = postSolution
		{EF02CF86-4885-44B3-B930-37A408252067}.Debug|Any CPU.ActiveCfg = Debug|Any CPU
		{EF02CF86-4885-44B3-B930-37A408252067}.Debug|Any CPU.Build.0 = Debug|Any CPU
		{EF02CF86-4885-44B3-B930-37A408252067}.Release|Any CPU.ActiveCfg = Release|Any CPU
		{EF02CF86-4885-44B3-B930-37A408252067}.Release|Any CPU.Build.0 = Release|Any CPU
		{B0535568-F554-4F6C-9520-B3195BE0EC62}.Debug|Any CPU.ActiveCfg = Debug|Any CPU
		{B0535568-F554-4F6C-9520-B3195BE0EC62}.Debug|Any CPU.Build.0 = Debug|Any CPU
		{B0535568-F554-4F6C-9520-B3195BE0EC62}.Release|Any CPU.ActiveCfg = Release|Any CPU
		{B0535568-F554-4F6C-9520-B3195BE0EC62}.Release|Any CPU.Build.0 = Release|Any CPU
		{EA577097-D2C0-4290-9CB6-26E93ABDEB43}.Debug|Any CPU.ActiveCfg = Debug|Any CPU
		{EA577097-D2C0-4290-9CB6-26E93ABDEB43}.Debug|Any CPU.Build.0 = Debug|Any CPU
		{EA577097-D2C0-4290-9CB6-26E93ABDEB43}.Release|Any CPU.ActiveCfg = Release|Any CPU
		{EA577097-D2C0-4290-9CB6-26E93ABDEB43}.Release|Any CPU.Build.0 = Release|Any CPU
		{40185033-2355-4E6C-9BC9-ECC2D8685133}.Debug|Any CPU.ActiveCfg = Debug|Any CPU
		{40185033-2355-4E6C-9BC9-ECC2D8685133}.Debug|Any CPU.Build.0 = Debug|Any CPU
		{40185033-2355-4E6C-9BC9-ECC2D8685133}.Release|Any CPU.ActiveCfg = Release|Any CPU
		{40185033-2355-4E6C-9BC9-ECC2D8685133}.Release|Any CPU.Build.0 = Release|Any CPU
		{FCD91933-F5A3-4C15-90FA-0F3FBA9FE5E9}.Debug|Any CPU.ActiveCfg = Debug|Any CPU
		{FCD91933-F5A3-4C15-90FA-0F3FBA9FE5E9}.Debug|Any CPU.Build.0 = Debug|Any CPU
		{FCD91933-F5A3-4C15-90FA-0F3FBA9FE5E9}.Release|Any CPU.ActiveCfg = Release|Any CPU
		{FCD91933-F5A3-4C15-90FA-0F3FBA9FE5E9}.Release|Any CPU.Build.0 = Release|Any CPU
		{FF70AF8F-855F-4D89-BC47-B65B8F5FFA3A}.Debug|Any CPU.ActiveCfg = Debug|Any CPU
		{FF70AF8F-855F-4D89-BC47-B65B8F5FFA3A}.Debug|Any CPU.Build.0 = Debug|Any CPU
		{FF70AF8F-855F-4D89-BC47-B65B8F5FFA3A}.Release|Any CPU.ActiveCfg = Release|Any CPU
		{FF70AF8F-855F-4D89-BC47-B65B8F5FFA3A}.Release|Any CPU.Build.0 = Release|Any CPU
		{A13CA957-A9B4-4476-BF79-CB115BB611CB}.Debug|Any CPU.ActiveCfg = Debug|Any CPU
		{A13CA957-A9B4-4476-BF79-CB115BB611CB}.Debug|Any CPU.Build.0 = Debug|Any CPU
		{A13CA957-A9B4-4476-BF79-CB115BB611CB}.Release|Any CPU.ActiveCfg = Release|Any CPU
		{A13CA957-A9B4-4476-BF79-CB115BB611CB}.Release|Any CPU.Build.0 = Release|Any CPU
		{B2C53EC7-C7D8-4DAD-8BCC-F644E3F5D217}.Debug|Any CPU.ActiveCfg = Debug|Any CPU
		{B2C53EC7-C7D8-4DAD-8BCC-F644E3F5D217}.Debug|Any CPU.Build.0 = Debug|Any CPU
		{B2C53EC7-C7D8-4DAD-8BCC-F644E3F5D217}.Release|Any CPU.ActiveCfg = Release|Any CPU
		{B2C53EC7-C7D8-4DAD-8BCC-F644E3F5D217}.Release|Any CPU.Build.0 = Release|Any CPU
		{C480A8C6-A30E-4519-B2CA-E48B62E53CA6}.Debug|Any CPU.ActiveCfg = Debug|Any CPU
		{C480A8C6-A30E-4519-B2CA-E48B62E53CA6}.Debug|Any CPU.Build.0 = Debug|Any CPU
		{C480A8C6-A30E-4519-B2CA-E48B62E53CA6}.Release|Any CPU.ActiveCfg = Release|Any CPU
		{C480A8C6-A30E-4519-B2CA-E48B62E53CA6}.Release|Any CPU.Build.0 = Release|Any CPU
		{830D0361-E3E5-4E5C-967D-9BC201CDDC32}.Debug|Any CPU.ActiveCfg = Debug|Any CPU
		{830D0361-E3E5-4E5C-967D-9BC201CDDC32}.Debug|Any CPU.Build.0 = Debug|Any CPU
		{830D0361-E3E5-4E5C-967D-9BC201CDDC32}.Release|Any CPU.ActiveCfg = Release|Any CPU
		{830D0361-E3E5-4E5C-967D-9BC201CDDC32}.Release|Any CPU.Build.0 = Release|Any CPU
		{9EC84C82-F2E3-43A7-8ECD-79BD418D659B}.Debug|Any CPU.ActiveCfg = Debug|Any CPU
		{9EC84C82-F2E3-43A7-8ECD-79BD418D659B}.Debug|Any CPU.Build.0 = Debug|Any CPU
		{9EC84C82-F2E3-43A7-8ECD-79BD418D659B}.Release|Any CPU.ActiveCfg = Release|Any CPU
		{9EC84C82-F2E3-43A7-8ECD-79BD418D659B}.Release|Any CPU.Build.0 = Release|Any CPU
		{E62D27A0-1E45-43E2-A9FE-6E7D1E7E54A1}.Debug|Any CPU.ActiveCfg = Debug|Any CPU
		{E62D27A0-1E45-43E2-A9FE-6E7D1E7E54A1}.Debug|Any CPU.Build.0 = Debug|Any CPU
		{E62D27A0-1E45-43E2-A9FE-6E7D1E7E54A1}.Release|Any CPU.ActiveCfg = Release|Any CPU
		{E62D27A0-1E45-43E2-A9FE-6E7D1E7E54A1}.Release|Any CPU.Build.0 = Release|Any CPU
		{19CCD73D-255E-408D-AE8F-C2B2EDE51B43}.Debug|Any CPU.ActiveCfg = Debug|Any CPU
		{19CCD73D-255E-408D-AE8F-C2B2EDE51B43}.Debug|Any CPU.Build.0 = Debug|Any CPU
		{19CCD73D-255E-408D-AE8F-C2B2EDE51B43}.Release|Any CPU.ActiveCfg = Release|Any CPU
		{19CCD73D-255E-408D-AE8F-C2B2EDE51B43}.Release|Any CPU.Build.0 = Release|Any CPU
		{3134BB07-0CC4-4EED-A927-D87351199708}.Debug|Any CPU.ActiveCfg = Debug|Any CPU
		{3134BB07-0CC4-4EED-A927-D87351199708}.Debug|Any CPU.Build.0 = Debug|Any CPU
		{3134BB07-0CC4-4EED-A927-D87351199708}.Release|Any CPU.ActiveCfg = Release|Any CPU
		{3134BB07-0CC4-4EED-A927-D87351199708}.Release|Any CPU.Build.0 = Release|Any CPU
		{355ABACB-9064-4659-A6B8-84E18DC1A2F1}.Debug|Any CPU.ActiveCfg = Debug|Any CPU
		{355ABACB-9064-4659-A6B8-84E18DC1A2F1}.Debug|Any CPU.Build.0 = Debug|Any CPU
		{355ABACB-9064-4659-A6B8-84E18DC1A2F1}.Release|Any CPU.ActiveCfg = Release|Any CPU
		{355ABACB-9064-4659-A6B8-84E18DC1A2F1}.Release|Any CPU.Build.0 = Release|Any CPU
		{C0FA0E99-27F2-49FE-84F3-D10E79C8636A}.Debug|Any CPU.ActiveCfg = Debug|Any CPU
		{C0FA0E99-27F2-49FE-84F3-D10E79C8636A}.Debug|Any CPU.Build.0 = Debug|Any CPU
		{C0FA0E99-27F2-49FE-84F3-D10E79C8636A}.Release|Any CPU.ActiveCfg = Release|Any CPU
		{C0FA0E99-27F2-49FE-84F3-D10E79C8636A}.Release|Any CPU.Build.0 = Release|Any CPU
		{55804DBF-6229-4F0C-81DC-88472A707E6A}.Debug|Any CPU.ActiveCfg = Debug|Any CPU
		{55804DBF-6229-4F0C-81DC-88472A707E6A}.Debug|Any CPU.Build.0 = Debug|Any CPU
		{55804DBF-6229-4F0C-81DC-88472A707E6A}.Release|Any CPU.ActiveCfg = Release|Any CPU
		{55804DBF-6229-4F0C-81DC-88472A707E6A}.Release|Any CPU.Build.0 = Release|Any CPU
	EndGlobalSection
	GlobalSection(SolutionProperties) = preSolution
		HideSolutionNode = FALSE
	EndGlobalSection
	GlobalSection(NestedProjects) = preSolution
		{EF02CF86-4885-44B3-B930-37A408252067} = {14B598DA-6A8E-4CAD-AA93-64B4D1DBA3B9}
		{A13CA957-A9B4-4476-BF79-CB115BB611CB} = {B640F64A-ACE6-42FB-B902-E280A36E47A4}
		{B2C53EC7-C7D8-4DAD-8BCC-F644E3F5D217} = {67A7F1C9-E879-4EF9-8F71-6C9D747A47A4}
		{67A7F1C9-E879-4EF9-8F71-6C9D747A47A4} = {B640F64A-ACE6-42FB-B902-E280A36E47A4}
		{C480A8C6-A30E-4519-B2CA-E48B62E53CA6} = {67A7F1C9-E879-4EF9-8F71-6C9D747A47A4}
		{830D0361-E3E5-4E5C-967D-9BC201CDDC32} = {67A7F1C9-E879-4EF9-8F71-6C9D747A47A4}
		{9EC84C82-F2E3-43A7-8ECD-79BD418D659B} = {14B598DA-6A8E-4CAD-AA93-64B4D1DBA3B9}
		{E62D27A0-1E45-43E2-A9FE-6E7D1E7E54A1} = {14B598DA-6A8E-4CAD-AA93-64B4D1DBA3B9}
		{19CCD73D-255E-408D-AE8F-C2B2EDE51B43} = {955DF889-3A78-41F8-80D0-E2A99FFA6DB7}
		{3134BB07-0CC4-4EED-A927-D87351199708} = {6ECD3FF2-ED3D-4A43-8AB6-591B94463145}
		{355ABACB-9064-4659-A6B8-84E18DC1A2F1} = {6ECD3FF2-ED3D-4A43-8AB6-591B94463145}
		{55804DBF-6229-4F0C-81DC-88472A707E6A} = {955DF889-3A78-41F8-80D0-E2A99FFA6DB7}
	EndGlobalSection
	GlobalSection(ExtensibilityGlobals) = postSolution
		SolutionGuid = {71969D00-C097-4662-978D-63444D16B7CD}
	EndGlobalSection
EndGlobal
